
Microsoft Visual Studio Solution File, Format Version 12.00
# Visual Studio Version 17
VisualStudioVersion = 17.6.33815.320
MinimumVisualStudioVersion = 10.0.40219.1
Project("{FAE04EC0-301F-11D3-BF4B-00C04F79EFBC}") = "Assignments", "Assignments\Assignments.csproj", "{ED6FAF8B-DFB3-49E4-B360-08B9EE99714C}"
EndProject
Global
	GlobalSection(SolutionConfigurationPlatforms) = preSolution
		Debug|Any CPU = Debug|Any CPU
		Release|Any CPU = Release|Any CPU
	EndGlobalSection
	GlobalSection(ProjectConfigurationPlatforms) = postSolution
		{ED6FAF8B-DFB3-49E4-B360-08B9EE99714C}.Debug|Any CPU.ActiveCfg = Debug|Any CPU
		{ED6FAF8B-DFB3-49E4-B360-08B9EE99714C}.Debug|Any CPU.Build.0 = Debug|Any CPU
		{ED6FAF8B-DFB3-49E4-B360-08B9EE99714C}.Release|Any CPU.ActiveCfg = Release|Any CPU
		{ED6FAF8B-DFB3-49E4-B360-08B9EE99714C}.Release|Any CPU.Build.0 = Release|Any CPU
	EndGlobalSection
	GlobalSection(SolutionProperties) = preSolution
		HideSolutionNode = FALSE
	EndGlobalSection
	GlobalSection(ExtensibilityGlobals) = postSolution
		SolutionGuid = {3F23B914-69BC-47E7-A07B-B72B5A31B432}
	EndGlobalSection
EndGlobal
